// !$*UTF8*$!
{
	archiveVersion = 1;
	classes = {
	};
	objectVersion = 46;
	objects = {

/* Begin PBXBuildFile section */
		EADC70881E743C2900A5A318 /* main.m in Sources */ = {isa = PBXBuildFile; fileRef = EADC70871E743C2900A5A318 /* main.m */; };
		EADC708B1E743C2900A5A318 /* AppDelegate.m in Sources */ = {isa = PBXBuildFile; fileRef = EADC708A1E743C2900A5A318 /* AppDelegate.m */; };
		EADC708E1E743C2900A5A318 /* PLGameViewController.m in Sources */ = {isa = PBXBuildFile; fileRef = EADC708D1E743C2900A5A318 /* PLGameViewController.m */; };
		EADC70911E743C2900A5A318 /* Main.storyboard in Resources */ = {isa = PBXBuildFile; fileRef = EADC708F1E743C2900A5A318 /* Main.storyboard */; };
		EADC70931E743C2900A5A318 /* Assets.xcassets in Resources */ = {isa = PBXBuildFile; fileRef = EADC70921E743C2900A5A318 /* Assets.xcassets */; };
		EADC70961E743C2900A5A318 /* LaunchScreen.storyboard in Resources */ = {isa = PBXBuildFile; fileRef = EADC70941E743C2900A5A318 /* LaunchScreen.storyboard */; };
		EADC70A11E743C2A00A5A318 /* PlaneTests.m in Sources */ = {isa = PBXBuildFile; fileRef = EADC70A01E743C2A00A5A318 /* PlaneTests.m */; };
		EAF601CF1E74414300D4A85F /* PlaneView.m in Sources */ = {isa = PBXBuildFile; fileRef = EAF601CE1E74414300D4A85F /* PlaneView.m */; };
		EAF601D31E74419D00D4A85F /* PLBaconMissile.m in Sources */ = {isa = PBXBuildFile; fileRef = EAF601D21E74419D00D4A85F /* PLBaconMissile.m */; };
		EAF601D51E74444A00D4A85F /* PlaneView.xib in Resources */ = {isa = PBXBuildFile; fileRef = EAF601D41E74444A00D4A85F /* PlaneView.xib */; };
		EAF601D91E74478500D4A85F /* PLConfig.m in Sources */ = {isa = PBXBuildFile; fileRef = EAF601D81E74478500D4A85F /* PLConfig.m */; };
		EAF601DC1E74488E00D4A85F /* PLPlane.m in Sources */ = {isa = PBXBuildFile; fileRef = EAF601DB1E74488E00D4A85F /* PLPlane.m */; };
		EAF601E11E7455DD00D4A85F /* PLMissileView.m in Sources */ = {isa = PBXBuildFile; fileRef = EAF601E01E7455DD00D4A85F /* PLMissileView.m */; };
		EAF601E41E74566900D4A85F /* PLMissileColumnButton.m in Sources */ = {isa = PBXBuildFile; fileRef = EAF601E31E74566900D4A85F /* PLMissileColumnButton.m */; };
		EAF601E61E74568E00D4A85F /* PLMissileColumnButton.xib in Resources */ = {isa = PBXBuildFile; fileRef = EAF601E51E74568E00D4A85F /* PLMissileColumnButton.xib */; };
		EAF601E91E7458B500D4A85F /* PLEnum.m in Sources */ = {isa = PBXBuildFile; fileRef = EAF601E81E7458B500D4A85F /* PLEnum.m */; };
		EAF601EC1E745D2400D4A85F /* PLDavincciMissile.m in Sources */ = {isa = PBXBuildFile; fileRef = EAF601EB1E745D2400D4A85F /* PLDavincciMissile.m */; };
		EAF601F01E745E3B00D4A85F /* PLMissileManager.m in Sources */ = {isa = PBXBuildFile; fileRef = EAF601EF1E745E3B00D4A85F /* PLMissileManager.m */; };
		EAF601F31E746B0C00D4A85F /* PLNewtonMissile.m in Sources */ = {isa = PBXBuildFile; fileRef = EAF601F21E746B0C00D4A85F /* PLNewtonMissile.m */; };
		EAF601F61E7471C300D4A85F /* Mantle.framework in Frameworks */ = {isa = PBXBuildFile; fileRef = EAF601F51E7471C300D4A85F /* Mantle.framework */; };
		EAF601F81E7482CC00D4A85F /* PLMissileView.xib in Resources */ = {isa = PBXBuildFile; fileRef = EAF601F71E7482CC00D4A85F /* PLMissileView.xib */; };
		EAF601FB1E74EEE100D4A85F /* PLCounterView.m in Sources */ = {isa = PBXBuildFile; fileRef = EAF601FA1E74EEE100D4A85F /* PLCounterView.m */; };
		EAF601FE1E74F1A800D4A85F /* PLFireButton.m in Sources */ = {isa = PBXBuildFile; fileRef = EAF601FD1E74F1A800D4A85F /* PLFireButton.m */; };
/* End PBXBuildFile section */

/* Begin PBXContainerItemProxy section */
		EADC709D1E743C2A00A5A318 /* PBXContainerItemProxy */ = {
			isa = PBXContainerItemProxy;
			containerPortal = EADC707B1E743C2900A5A318 /* Project object */;
			proxyType = 1;
			remoteGlobalIDString = EADC70821E743C2900A5A318;
			remoteInfo = Plane;
		};
/* End PBXContainerItemProxy section */

/* Begin PBXFileReference section */
		EADC70831E743C2900A5A318 /* Plane.app */ = {isa = PBXFileReference; explicitFileType = wrapper.application; includeInIndex = 0; path = Plane.app; sourceTree = BUILT_PRODUCTS_DIR; };
		EADC70871E743C2900A5A318 /* main.m */ = {isa = PBXFileReference; lastKnownFileType = sourcecode.c.objc; path = main.m; sourceTree = "<group>"; };
		EADC70891E743C2900A5A318 /* AppDelegate.h */ = {isa = PBXFileReference; lastKnownFileType = sourcecode.c.h; path = AppDelegate.h; sourceTree = "<group>"; };
		EADC708A1E743C2900A5A318 /* AppDelegate.m */ = {isa = PBXFileReference; lastKnownFileType = sourcecode.c.objc; path = AppDelegate.m; sourceTree = "<group>"; };
		EADC708C1E743C2900A5A318 /* PLGameViewController.h */ = {isa = PBXFileReference; lastKnownFileType = sourcecode.c.h; path = PLGameViewController.h; sourceTree = "<group>"; };
		EADC708D1E743C2900A5A318 /* PLGameViewController.m */ = {isa = PBXFileReference; lastKnownFileType = sourcecode.c.objc; path = PLGameViewController.m; sourceTree = "<group>"; };
		EADC70901E743C2900A5A318 /* Base */ = {isa = PBXFileReference; lastKnownFileType = file.storyboard; name = Base; path = Base.lproj/Main.storyboard; sourceTree = "<group>"; };
		EADC70921E743C2900A5A318 /* Assets.xcassets */ = {isa = PBXFileReference; lastKnownFileType = folder.assetcatalog; path = Assets.xcassets; sourceTree = "<group>"; };
		EADC70951E743C2900A5A318 /* Base */ = {isa = PBXFileReference; lastKnownFileType = file.storyboard; name = Base; path = Base.lproj/LaunchScreen.storyboard; sourceTree = "<group>"; };
		EADC70971E743C2900A5A318 /* Info.plist */ = {isa = PBXFileReference; lastKnownFileType = text.plist.xml; path = Info.plist; sourceTree = "<group>"; };
		EADC709C1E743C2A00A5A318 /* PlaneTests.xctest */ = {isa = PBXFileReference; explicitFileType = wrapper.cfbundle; includeInIndex = 0; path = PlaneTests.xctest; sourceTree = BUILT_PRODUCTS_DIR; };
		EADC70A01E743C2A00A5A318 /* PlaneTests.m */ = {isa = PBXFileReference; lastKnownFileType = sourcecode.c.objc; path = PlaneTests.m; sourceTree = "<group>"; };
		EADC70A21E743C2A00A5A318 /* Info.plist */ = {isa = PBXFileReference; lastKnownFileType = text.plist.xml; path = Info.plist; sourceTree = "<group>"; };
		EAF601CD1E74414300D4A85F /* PlaneView.h */ = {isa = PBXFileReference; fileEncoding = 4; lastKnownFileType = sourcecode.c.h; path = PlaneView.h; sourceTree = "<group>"; };
		EAF601CE1E74414300D4A85F /* PlaneView.m */ = {isa = PBXFileReference; fileEncoding = 4; lastKnownFileType = sourcecode.c.objc; path = PlaneView.m; sourceTree = "<group>"; };
		EAF601D11E74419D00D4A85F /* PLBaconMissile.h */ = {isa = PBXFileReference; fileEncoding = 4; lastKnownFileType = sourcecode.c.h; path = PLBaconMissile.h; sourceTree = "<group>"; };
		EAF601D21E74419D00D4A85F /* PLBaconMissile.m */ = {isa = PBXFileReference; fileEncoding = 4; lastKnownFileType = sourcecode.c.objc; path = PLBaconMissile.m; sourceTree = "<group>"; };
		EAF601D41E74444A00D4A85F /* PlaneView.xib */ = {isa = PBXFileReference; fileEncoding = 4; lastKnownFileType = file.xib; path = PlaneView.xib; sourceTree = "<group>"; };
		EAF601D71E74478500D4A85F /* PLConfig.h */ = {isa = PBXFileReference; fileEncoding = 4; lastKnownFileType = sourcecode.c.h; path = PLConfig.h; sourceTree = "<group>"; };
		EAF601D81E74478500D4A85F /* PLConfig.m */ = {isa = PBXFileReference; fileEncoding = 4; lastKnownFileType = sourcecode.c.objc; path = PLConfig.m; sourceTree = "<group>"; };
		EAF601DA1E74488E00D4A85F /* PLPlane.h */ = {isa = PBXFileReference; fileEncoding = 4; lastKnownFileType = sourcecode.c.h; path = PLPlane.h; sourceTree = "<group>"; };
		EAF601DB1E74488E00D4A85F /* PLPlane.m */ = {isa = PBXFileReference; fileEncoding = 4; lastKnownFileType = sourcecode.c.objc; path = PLPlane.m; sourceTree = "<group>"; };
		EAF601DF1E7455DD00D4A85F /* PLMissileView.h */ = {isa = PBXFileReference; fileEncoding = 4; lastKnownFileType = sourcecode.c.h; path = PLMissileView.h; sourceTree = "<group>"; };
		EAF601E01E7455DD00D4A85F /* PLMissileView.m */ = {isa = PBXFileReference; fileEncoding = 4; lastKnownFileType = sourcecode.c.objc; path = PLMissileView.m; sourceTree = "<group>"; };
		EAF601E21E74566900D4A85F /* PLMissileColumnButton.h */ = {isa = PBXFileReference; fileEncoding = 4; lastKnownFileType = sourcecode.c.h; path = PLMissileColumnButton.h; sourceTree = "<group>"; };
		EAF601E31E74566900D4A85F /* PLMissileColumnButton.m */ = {isa = PBXFileReference; fileEncoding = 4; lastKnownFileType = sourcecode.c.objc; path = PLMissileColumnButton.m; sourceTree = "<group>"; };
		EAF601E51E74568E00D4A85F /* PLMissileColumnButton.xib */ = {isa = PBXFileReference; fileEncoding = 4; lastKnownFileType = file.xib; path = PLMissileColumnButton.xib; sourceTree = "<group>"; };
		EAF601E71E7458B500D4A85F /* PLEnum.h */ = {isa = PBXFileReference; fileEncoding = 4; lastKnownFileType = sourcecode.c.h; path = PLEnum.h; sourceTree = "<group>"; };
		EAF601E81E7458B500D4A85F /* PLEnum.m */ = {isa = PBXFileReference; fileEncoding = 4; lastKnownFileType = sourcecode.c.objc; path = PLEnum.m; sourceTree = "<group>"; };
		EAF601EA1E745D2400D4A85F /* PLDavincciMissile.h */ = {isa = PBXFileReference; fileEncoding = 4; lastKnownFileType = sourcecode.c.h; path = PLDavincciMissile.h; sourceTree = "<group>"; };
		EAF601EB1E745D2400D4A85F /* PLDavincciMissile.m */ = {isa = PBXFileReference; fileEncoding = 4; lastKnownFileType = sourcecode.c.objc; path = PLDavincciMissile.m; sourceTree = "<group>"; };
		EAF601ED1E745D5C00D4A85F /* PLMissileInterface.h */ = {isa = PBXFileReference; lastKnownFileType = sourcecode.c.h; path = PLMissileInterface.h; sourceTree = "<group>"; };
		EAF601EE1E745E3B00D4A85F /* PLMissileManager.h */ = {isa = PBXFileReference; fileEncoding = 4; lastKnownFileType = sourcecode.c.h; path = PLMissileManager.h; sourceTree = "<group>"; };
		EAF601EF1E745E3B00D4A85F /* PLMissileManager.m */ = {isa = PBXFileReference; fileEncoding = 4; lastKnownFileType = sourcecode.c.objc; path = PLMissileManager.m; sourceTree = "<group>"; };
		EAF601F11E746B0C00D4A85F /* PLNewtonMissile.h */ = {isa = PBXFileReference; fileEncoding = 4; lastKnownFileType = sourcecode.c.h; path = PLNewtonMissile.h; sourceTree = "<group>"; };
		EAF601F21E746B0C00D4A85F /* PLNewtonMissile.m */ = {isa = PBXFileReference; fileEncoding = 4; lastKnownFileType = sourcecode.c.objc; path = PLNewtonMissile.m; sourceTree = "<group>"; };
		EAF601F51E7471C300D4A85F /* Mantle.framework */ = {isa = PBXFileReference; lastKnownFileType = wrapper.framework; path = Mantle.framework; sourceTree = "<group>"; };
		EAF601F71E7482CC00D4A85F /* PLMissileView.xib */ = {isa = PBXFileReference; fileEncoding = 4; lastKnownFileType = file.xib; path = PLMissileView.xib; sourceTree = "<group>"; };
		EAF601F91E74EEE100D4A85F /* PLCounterView.h */ = {isa = PBXFileReference; fileEncoding = 4; lastKnownFileType = sourcecode.c.h; path = PLCounterView.h; sourceTree = "<group>"; };
		EAF601FA1E74EEE100D4A85F /* PLCounterView.m */ = {isa = PBXFileReference; fileEncoding = 4; lastKnownFileType = sourcecode.c.objc; path = PLCounterView.m; sourceTree = "<group>"; };
		EAF601FC1E74F1A800D4A85F /* PLFireButton.h */ = {isa = PBXFileReference; fileEncoding = 4; lastKnownFileType = sourcecode.c.h; path = PLFireButton.h; sourceTree = "<group>"; };
		EAF601FD1E74F1A800D4A85F /* PLFireButton.m */ = {isa = PBXFileReference; fileEncoding = 4; lastKnownFileType = sourcecode.c.objc; path = PLFireButton.m; sourceTree = "<group>"; };
/* End PBXFileReference section */

/* Begin PBXFrameworksBuildPhase section */
		EADC70801E743C2900A5A318 /* Frameworks */ = {
			isa = PBXFrameworksBuildPhase;
			buildActionMask = 2147483647;
			files = (
				EAF601F61E7471C300D4A85F /* Mantle.framework in Frameworks */,
			);
			runOnlyForDeploymentPostprocessing = 0;
		};
		EADC70991E743C2A00A5A318 /* Frameworks */ = {
			isa = PBXFrameworksBuildPhase;
			buildActionMask = 2147483647;
			files = (
			);
			runOnlyForDeploymentPostprocessing = 0;
		};
/* End PBXFrameworksBuildPhase section */

/* Begin PBXGroup section */
		EADC707A1E743C2900A5A318 = {
			isa = PBXGroup;
			children = (
				EADC70851E743C2900A5A318 /* Plane */,
				EADC709F1E743C2A00A5A318 /* PlaneTests */,
				EADC70841E743C2900A5A318 /* Products */,
				EAF601F41E74719300D4A85F /* Vendor */,
			);
			sourceTree = "<group>";
		};
		EADC70841E743C2900A5A318 /* Products */ = {
			isa = PBXGroup;
			children = (
				EADC70831E743C2900A5A318 /* Plane.app */,
				EADC709C1E743C2A00A5A318 /* PlaneTests.xctest */,
			);
			name = Products;
			sourceTree = "<group>";
		};
		EADC70851E743C2900A5A318 /* Plane */ = {
			isa = PBXGroup;
			children = (
				EAF601DE1E744A9E00D4A85F /* View */,
				EAF601DD1E744A8700D4A85F /* Model */,
				EAF601D61E7444AB00D4A85F /* Config */,
				EAF601C71E74406200D4A85F /* ViewController */,
				EADC70891E743C2900A5A318 /* AppDelegate.h */,
				EADC708A1E743C2900A5A318 /* AppDelegate.m */,
				EADC708F1E743C2900A5A318 /* Main.storyboard */,
				EADC70921E743C2900A5A318 /* Assets.xcassets */,
				EADC70941E743C2900A5A318 /* LaunchScreen.storyboard */,
				EADC70971E743C2900A5A318 /* Info.plist */,
				EADC70861E743C2900A5A318 /* Supporting Files */,
			);
			path = Plane;
			sourceTree = "<group>";
		};
		EADC70861E743C2900A5A318 /* Supporting Files */ = {
			isa = PBXGroup;
			children = (
				EADC70871E743C2900A5A318 /* main.m */,
			);
			name = "Supporting Files";
			sourceTree = "<group>";
		};
		EADC709F1E743C2A00A5A318 /* PlaneTests */ = {
			isa = PBXGroup;
			children = (
				EADC70A01E743C2A00A5A318 /* PlaneTests.m */,
				EADC70A21E743C2A00A5A318 /* Info.plist */,
			);
			path = PlaneTests;
			sourceTree = "<group>";
		};
		EADC70AB1E743DBD00A5A318 /* missile */ = {
			isa = PBXGroup;
			children = (
				EAF601ED1E745D5C00D4A85F /* PLMissileInterface.h */,
				EAF601EA1E745D2400D4A85F /* PLDavincciMissile.h */,
				EAF601EB1E745D2400D4A85F /* PLDavincciMissile.m */,
				EAF601D11E74419D00D4A85F /* PLBaconMissile.h */,
				EAF601D21E74419D00D4A85F /* PLBaconMissile.m */,
				EAF601F11E746B0C00D4A85F /* PLNewtonMissile.h */,
				EAF601F21E746B0C00D4A85F /* PLNewtonMissile.m */,
			);
			name = missile;
			sourceTree = "<group>";
		};
		EAF601C71E74406200D4A85F /* ViewController */ = {
			isa = PBXGroup;
			children = (
				EADC708C1E743C2900A5A318 /* PLGameViewController.h */,
				EADC708D1E743C2900A5A318 /* PLGameViewController.m */,
			);
			name = ViewController;
			sourceTree = "<group>";
		};
		EAF601D01E74414900D4A85F /* Plane */ = {
			isa = PBXGroup;
			children = (
				EAF601DA1E74488E00D4A85F /* PLPlane.h */,
				EAF601DB1E74488E00D4A85F /* PLPlane.m */,
			);
			name = Plane;
			sourceTree = "<group>";
		};
		EAF601D61E7444AB00D4A85F /* Config */ = {
			isa = PBXGroup;
			children = (
				EAF601D71E74478500D4A85F /* PLConfig.h */,
				EAF601D81E74478500D4A85F /* PLConfig.m */,
				EAF601E71E7458B500D4A85F /* PLEnum.h */,
				EAF601E81E7458B500D4A85F /* PLEnum.m */,
				EAF601EE1E745E3B00D4A85F /* PLMissileManager.h */,
				EAF601EF1E745E3B00D4A85F /* PLMissileManager.m */,
			);
			name = Config;
			sourceTree = "<group>";
		};
		EAF601DD1E744A8700D4A85F /* Model */ = {
			isa = PBXGroup;
			children = (
				EADC70AB1E743DBD00A5A318 /* missile */,
				EAF601D01E74414900D4A85F /* Plane */,
			);
			name = Model;
			sourceTree = "<group>";
		};
		EAF601DE1E744A9E00D4A85F /* View */ = {
			isa = PBXGroup;
			children = (
				EAF601CD1E74414300D4A85F /* PlaneView.h */,
				EAF601CE1E74414300D4A85F /* PlaneView.m */,
				EAF601D41E74444A00D4A85F /* PlaneView.xib */,
				EAF601DF1E7455DD00D4A85F /* PLMissileView.h */,
				EAF601E01E7455DD00D4A85F /* PLMissileView.m */,
				EAF601F71E7482CC00D4A85F /* PLMissileView.xib */,
				EAF601E21E74566900D4A85F /* PLMissileColumnButton.h */,
				EAF601E31E74566900D4A85F /* PLMissileColumnButton.m */,
				EAF601E51E74568E00D4A85F /* PLMissileColumnButton.xib */,
				EAF601F91E74EEE100D4A85F /* PLCounterView.h */,
				EAF601FA1E74EEE100D4A85F /* PLCounterView.m */,
				EAF601FC1E74F1A800D4A85F /* PLFireButton.h */,
				EAF601FD1E74F1A800D4A85F /* PLFireButton.m */,
			);
			name = View;
			sourceTree = "<group>";
		};
		EAF601F41E74719300D4A85F /* Vendor */ = {
			isa = PBXGroup;
			children = (
				EAF601F51E7471C300D4A85F /* Mantle.framework */,
			);
			name = Vendor;
			path = Plane/Vendor;
			sourceTree = "<group>";
		};
/* End PBXGroup section */

/* Begin PBXNativeTarget section */
		EADC70821E743C2900A5A318 /* Plane */ = {
			isa = PBXNativeTarget;
			buildConfigurationList = EADC70A51E743C2A00A5A318 /* Build configuration list for PBXNativeTarget "Plane" */;
			buildPhases = (
				EADC707F1E743C2900A5A318 /* Sources */,
				EADC70801E743C2900A5A318 /* Frameworks */,
				EADC70811E743C2900A5A318 /* Resources */,
			);
			buildRules = (
			);
			dependencies = (
			);
			name = Plane;
			productName = Plane;
			productReference = EADC70831E743C2900A5A318 /* Plane.app */;
			productType = "com.apple.product-type.application";
		};
		EADC709B1E743C2A00A5A318 /* PlaneTests */ = {
			isa = PBXNativeTarget;
			buildConfigurationList = EADC70A81E743C2A00A5A318 /* Build configuration list for PBXNativeTarget "PlaneTests" */;
			buildPhases = (
				EADC70981E743C2A00A5A318 /* Sources */,
				EADC70991E743C2A00A5A318 /* Frameworks */,
				EADC709A1E743C2A00A5A318 /* Resources */,
			);
			buildRules = (
			);
			dependencies = (
				EADC709E1E743C2A00A5A318 /* PBXTargetDependency */,
			);
			name = PlaneTests;
			productName = PlaneTests;
			productReference = EADC709C1E743C2A00A5A318 /* PlaneTests.xctest */;
			productType = "com.apple.product-type.bundle.unit-test";
		};
/* End PBXNativeTarget section */

/* Begin PBXProject section */
		EADC707B1E743C2900A5A318 /* Project object */ = {
			isa = PBXProject;
			attributes = {
				LastUpgradeCheck = 0820;
				ORGANIZATIONNAME = bike;
				TargetAttributes = {
					EADC70821E743C2900A5A318 = {
						CreatedOnToolsVersion = 8.2.1;
						ProvisioningStyle = Automatic;
					};
					EADC709B1E743C2A00A5A318 = {
						CreatedOnToolsVersion = 8.2.1;
						ProvisioningStyle = Automatic;
						TestTargetID = EADC70821E743C2900A5A318;
					};
				};
			};
			buildConfigurationList = EADC707E1E743C2900A5A318 /* Build configuration list for PBXProject "Plane" */;
			compatibilityVersion = "Xcode 3.2";
			developmentRegion = English;
			hasScannedForEncodings = 0;
			knownRegions = (
				en,
				Base,
			);
			mainGroup = EADC707A1E743C2900A5A318;
			productRefGroup = EADC70841E743C2900A5A318 /* Products */;
			projectDirPath = "";
			projectRoot = "";
			targets = (
				EADC70821E743C2900A5A318 /* Plane */,
				EADC709B1E743C2A00A5A318 /* PlaneTests */,
			);
		};
/* End PBXProject section */

/* Begin PBXResourcesBuildPhase section */
		EADC70811E743C2900A5A318 /* Resources */ = {
			isa = PBXResourcesBuildPhase;
			buildActionMask = 2147483647;
			files = (
				EAF601D51E74444A00D4A85F /* PlaneView.xib in Resources */,
				EAF601F81E7482CC00D4A85F /* PLMissileView.xib in Resources */,
				EADC70961E743C2900A5A318 /* LaunchScreen.storyboard in Resources */,
				EAF601E61E74568E00D4A85F /* PLMissileColumnButton.xib in Resources */,
				EADC70931E743C2900A5A318 /* Assets.xcassets in Resources */,
				EADC70911E743C2900A5A318 /* Main.storyboard in Resources */,
			);
			runOnlyForDeploymentPostprocessing = 0;
		};
		EADC709A1E743C2A00A5A318 /* Resources */ = {
			isa = PBXResourcesBuildPhase;
			buildActionMask = 2147483647;
			files = (
			);
			runOnlyForDeploymentPostprocessing = 0;
		};
/* End PBXResourcesBuildPhase section */

/* Begin PBXSourcesBuildPhase section */
		EADC707F1E743C2900A5A318 /* Sources */ = {
			isa = PBXSourcesBuildPhase;
			buildActionMask = 2147483647;
			files = (
				EAF601DC1E74488E00D4A85F /* PLPlane.m in Sources */,
				EAF601E41E74566900D4A85F /* PLMissileColumnButton.m in Sources */,
				EAF601E11E7455DD00D4A85F /* PLMissileView.m in Sources */,
				EAF601F31E746B0C00D4A85F /* PLNewtonMissile.m in Sources */,
				EAF601F01E745E3B00D4A85F /* PLMissileManager.m in Sources */,
				EAF601D91E74478500D4A85F /* PLConfig.m in Sources */,
				EAF601D31E74419D00D4A85F /* PLBaconMissile.m in Sources */,
				EAF601FE1E74F1A800D4A85F /* PLFireButton.m in Sources */,
				EAF601FB1E74EEE100D4A85F /* PLCounterView.m in Sources */,
				EAF601EC1E745D2400D4A85F /* PLDavincciMissile.m in Sources */,
				EADC708E1E743C2900A5A318 /* PLGameViewController.m in Sources */,
				EAF601CF1E74414300D4A85F /* PlaneView.m in Sources */,
				EAF601E91E7458B500D4A85F /* PLEnum.m in Sources */,
				EADC708B1E743C2900A5A318 /* AppDelegate.m in Sources */,
				EADC70881E743C2900A5A318 /* main.m in Sources */,
			);
			runOnlyForDeploymentPostprocessing = 0;
		};
		EADC70981E743C2A00A5A318 /* Sources */ = {
			isa = PBXSourcesBuildPhase;
			buildActionMask = 2147483647;
			files = (
				EADC70A11E743C2A00A5A318 /* PlaneTests.m in Sources */,
			);
			runOnlyForDeploymentPostprocessing = 0;
		};
/* End PBXSourcesBuildPhase section */

/* Begin PBXTargetDependency section */
		EADC709E1E743C2A00A5A318 /* PBXTargetDependency */ = {
			isa = PBXTargetDependency;
			target = EADC70821E743C2900A5A318 /* Plane */;
			targetProxy = EADC709D1E743C2A00A5A318 /* PBXContainerItemProxy */;
		};
/* End PBXTargetDependency section */

/* Begin PBXVariantGroup section */
		EADC708F1E743C2900A5A318 /* Main.storyboard */ = {
			isa = PBXVariantGroup;
			children = (
				EADC70901E743C2900A5A318 /* Base */,
			);
			name = Main.storyboard;
			sourceTree = "<group>";
		};
		EADC70941E743C2900A5A318 /* LaunchScreen.storyboard */ = {
			isa = PBXVariantGroup;
			children = (
				EADC70951E743C2900A5A318 /* Base */,
			);
			name = LaunchScreen.storyboard;
			sourceTree = "<group>";
		};
/* End PBXVariantGroup section */

/* Begin XCBuildConfiguration section */
		EADC70A31E743C2A00A5A318 /* Debug */ = {
			isa = XCBuildConfiguration;
			buildSettings = {
				ALWAYS_SEARCH_USER_PATHS = NO;
				CLANG_ANALYZER_NONNULL = YES;
				CLANG_CXX_LANGUAGE_STANDARD = "gnu++0x";
				CLANG_CXX_LIBRARY = "libc++";
				CLANG_ENABLE_MODULES = YES;
				CLANG_ENABLE_OBJC_ARC = YES;
				CLANG_WARN_BOOL_CONVERSION = YES;
				CLANG_WARN_CONSTANT_CONVERSION = YES;
				CLANG_WARN_DIRECT_OBJC_ISA_USAGE = YES_ERROR;
				CLANG_WARN_DOCUMENTATION_COMMENTS = YES;
				CLANG_WARN_EMPTY_BODY = YES;
				CLANG_WARN_ENUM_CONVERSION = YES;
				CLANG_WARN_INFINITE_RECURSION = YES;
				CLANG_WARN_INT_CONVERSION = YES;
				CLANG_WARN_OBJC_ROOT_CLASS = YES_ERROR;
				CLANG_WARN_SUSPICIOUS_MOVE = YES;
				CLANG_WARN_UNREACHABLE_CODE = YES;
				CLANG_WARN__DUPLICATE_METHOD_MATCH = YES;
				"CODE_SIGN_IDENTITY[sdk=iphoneos*]" = "iPhone Developer";
				COPY_PHASE_STRIP = NO;
				DEBUG_INFORMATION_FORMAT = dwarf;
				ENABLE_STRICT_OBJC_MSGSEND = YES;
				ENABLE_TESTABILITY = YES;
				GCC_C_LANGUAGE_STANDARD = gnu99;
				GCC_DYNAMIC_NO_PIC = NO;
				GCC_NO_COMMON_BLOCKS = YES;
				GCC_OPTIMIZATION_LEVEL = 0;
				GCC_PREPROCESSOR_DEFINITIONS = (
					"DEBUG=1",
					"$(inherited)",
				);
				GCC_WARN_64_TO_32_BIT_CONVERSION = YES;
				GCC_WARN_ABOUT_RETURN_TYPE = YES_ERROR;
				GCC_WARN_UNDECLARED_SELECTOR = YES;
				GCC_WARN_UNINITIALIZED_AUTOS = YES_AGGRESSIVE;
				GCC_WARN_UNUSED_FUNCTION = YES;
				GCC_WARN_UNUSED_VARIABLE = YES;
				IPHONEOS_DEPLOYMENT_TARGET = 10.2;
				MTL_ENABLE_DEBUG_INFO = YES;
				ONLY_ACTIVE_ARCH = YES;
				SDKROOT = iphoneos;
			};
			name = Debug;
		};
		EADC70A41E743C2A00A5A318 /* Release */ = {
			isa = XCBuildConfiguration;
			buildSettings = {
				ALWAYS_SEARCH_USER_PATHS = NO;
				CLANG_ANALYZER_NONNULL = YES;
				CLANG_CXX_LANGUAGE_STANDARD = "gnu++0x";
				CLANG_CXX_LIBRARY = "libc++";
				CLANG_ENABLE_MODULES = YES;
				CLANG_ENABLE_OBJC_ARC = YES;
				CLANG_WARN_BOOL_CONVERSION = YES;
				CLANG_WARN_CONSTANT_CONVERSION = YES;
				CLANG_WARN_DIRECT_OBJC_ISA_USAGE = YES_ERROR;
				CLANG_WARN_DOCUMENTATION_COMMENTS = YES;
				CLANG_WARN_EMPTY_BODY = YES;
				CLANG_WARN_ENUM_CONVERSION = YES;
				CLANG_WARN_INFINITE_RECURSION = YES;
				CLANG_WARN_INT_CONVERSION = YES;
				CLANG_WARN_OBJC_ROOT_CLASS = YES_ERROR;
				CLANG_WARN_SUSPICIOUS_MOVE = YES;
				CLANG_WARN_UNREACHABLE_CODE = YES;
				CLANG_WARN__DUPLICATE_METHOD_MATCH = YES;
				"CODE_SIGN_IDENTITY[sdk=iphoneos*]" = "iPhone Developer";
				COPY_PHASE_STRIP = NO;
				DEBUG_INFORMATION_FORMAT = "dwarf-with-dsym";
				ENABLE_NS_ASSERTIONS = NO;
				ENABLE_STRICT_OBJC_MSGSEND = YES;
				GCC_C_LANGUAGE_STANDARD = gnu99;
				GCC_NO_COMMON_BLOCKS = YES;
				GCC_WARN_64_TO_32_BIT_CONVERSION = YES;
				GCC_WARN_ABOUT_RETURN_TYPE = YES_ERROR;
				GCC_WARN_UNDECLARED_SELECTOR = YES;
				GCC_WARN_UNINITIALIZED_AUTOS = YES_AGGRESSIVE;
				GCC_WARN_UNUSED_FUNCTION = YES;
				GCC_WARN_UNUSED_VARIABLE = YES;
				IPHONEOS_DEPLOYMENT_TARGET = 10.2;
				MTL_ENABLE_DEBUG_INFO = NO;
				SDKROOT = iphoneos;
				VALIDATE_PRODUCT = YES;
			};
			name = Release;
		};
		EADC70A61E743C2A00A5A318 /* Debug */ = {
			isa = XCBuildConfiguration;
			buildSettings = {
				ASSETCATALOG_COMPILER_APPICON_NAME = AppIcon;
				FRAMEWORK_SEARCH_PATHS = (
					"$(inherited)",
					"$(PROJECT_DIR)/Plane/Vendor",
				);
				INFOPLIST_FILE = Plane/Info.plist;
				IPHONEOS_DEPLOYMENT_TARGET = 8.0;
				LD_RUNPATH_SEARCH_PATHS = "$(inherited) @executable_path/Frameworks";
				OTHER_LDFLAGS = "-ObjC";
				PRODUCT_BUNDLE_IDENTIFIER = com.bike.Plane;
				PRODUCT_NAME = "$(TARGET_NAME)";
			};
			name = Debug;
		};
		EADC70A71E743C2A00A5A318 /* Release */ = {
			isa = XCBuildConfiguration;
			buildSettings = {
				ASSETCATALOG_COMPILER_APPICON_NAME = AppIcon;
				FRAMEWORK_SEARCH_PATHS = (
					"$(inherited)",
					"$(PROJECT_DIR)/Plane/Vendor",
				);
				INFOPLIST_FILE = Plane/Info.plist;
				IPHONEOS_DEPLOYMENT_TARGET = 8.0;
				LD_RUNPATH_SEARCH_PATHS = "$(inherited) @executable_path/Frameworks";
				OTHER_LDFLAGS = "-ObjC";
				PRODUCT_BUNDLE_IDENTIFIER = com.bike.Plane;
				PRODUCT_NAME = "$(TARGET_NAME)";
			};
			name = Release;
		};
		EADC70A91E743C2A00A5A318 /* Debug */ = {
			isa = XCBuildConfiguration;
			buildSettings = {
				BUNDLE_LOADER = "$(TEST_HOST)";
				INFOPLIST_FILE = PlaneTests/Info.plist;
				LD_RUNPATH_SEARCH_PATHS = "$(inherited) @executable_path/Frameworks @loader_path/Frameworks";
				PRODUCT_BUNDLE_IDENTIFIER = com.bike.PlaneTests;
				PRODUCT_NAME = "$(TARGET_NAME)";
				TEST_HOST = "$(BUILT_PRODUCTS_DIR)/Plane.app/Plane";
			};
			name = Debug;
		};
		EADC70AA1E743C2A00A5A318 /* Release */ = {
			isa = XCBuildConfiguration;
			buildSettings = {
				BUNDLE_LOADER = "$(TEST_HOST)";
				INFOPLIST_FILE = PlaneTests/Info.plist;
				LD_RUNPATH_SEARCH_PATHS = "$(inherited) @executable_path/Frameworks @loader_path/Frameworks";
				PRODUCT_BUNDLE_IDENTIFIER = com.bike.PlaneTests;
				PRODUCT_NAME = "$(TARGET_NAME)";
				TEST_HOST = "$(BUILT_PRODUCTS_DIR)/Plane.app/Plane";
			};
			name = Release;
		};
/* End XCBuildConfiguration section */

/* Begin XCConfigurationList section */
		EADC707E1E743C2900A5A318 /* Build configuration list for PBXProject "Plane" */ = {
			isa = XCConfigurationList;
			buildConfigurations = (
				EADC70A31E743C2A00A5A318 /* Debug */,
				EADC70A41E743C2A00A5A318 /* Release */,
			);
			defaultConfigurationIsVisible = 0;
			defaultConfigurationName = Release;
		};
		EADC70A51E743C2A00A5A318 /* Build configuration list for PBXNativeTarget "Plane" */ = {
			isa = XCConfigurationList;
			buildConfigurations = (
				EADC70A61E743C2A00A5A318 /* Debug */,
				EADC70A71E743C2A00A5A318 /* Release */,
			);
			defaultConfigurationIsVisible = 0;
			defaultConfigurationName = Release;
		};
		EADC70A81E743C2A00A5A318 /* Build configuration list for PBXNativeTarget "PlaneTests" */ = {
			isa = XCConfigurationList;
			buildConfigurations = (
				EADC70A91E743C2A00A5A318 /* Debug */,
				EADC70AA1E743C2A00A5A318 /* Release */,
			);
			defaultConfigurationIsVisible = 0;
			defaultConfigurationName = Release;
		};
/* End XCConfigurationList section */
	};
	rootObject = EADC707B1E743C2900A5A318 /* Project object */;
}
